
Microsoft Visual Studio Solution File, Format Version 12.00
# Visual Studio Version 16
VisualStudioVersion = 16.0.31410.357
MinimumVisualStudioVersion = 10.0.40219.1
Project("{FAE04EC0-301F-11D3-BF4B-00C04F79EFBC}") = "SaleWebMVC", "SaleWebMVC\SaleWebMVC.csproj", "{7A26B10D-39C7-4E28-AAAC-6753C505E00D}"
EndProject
Global
	GlobalSection(SolutionConfigurationPlatforms) = preSolution
		Debug|Any CPU = Debug|Any CPU
		Release|Any CPU = Release|Any CPU
	EndGlobalSection
	GlobalSection(ProjectConfigurationPlatforms) = postSolution
		{7A26B10D-39C7-4E28-AAAC-6753C505E00D}.Debug|Any CPU.ActiveCfg = Debug|Any CPU
		{7A26B10D-39C7-4E28-AAAC-6753C505E00D}.Debug|Any CPU.Build.0 = Debug|Any CPU
		{7A26B10D-39C7-4E28-AAAC-6753C505E00D}.Release|Any CPU.ActiveCfg = Release|Any CPU
		{7A26B10D-39C7-4E28-AAAC-6753C505E00D}.Release|Any CPU.Build.0 = Release|Any CPU
	EndGlobalSection
	GlobalSection(SolutionProperties) = preSolution
		HideSolutionNode = FALSE
	EndGlobalSection
	GlobalSection(ExtensibilityGlobals) = postSolution
		SolutionGuid = {555A0FC5-3F00-4046-9C19-5DEE8B4678EE}
	EndGlobalSection
EndGlobal
